
Microsoft Visual Studio Solution File, Format Version 12.00
Project("{FAE04EC0-301F-11D3-BF4B-00C04F79EFBC}") = "HelloAspNetDeveloper.API", "HelloAspNetDeveloper.API\HelloAspNetDeveloper.API.csproj", "{B51D8A5F-FEFD-4A2D-A0AF-D1BCBBB020FF}"
EndProject
Global
	GlobalSection(SolutionConfigurationPlatforms) = preSolution
		Debug|Any CPU = Debug|Any CPU
		Release|Any CPU = Release|Any CPU
	EndGlobalSection
	GlobalSection(ProjectConfigurationPlatforms) = postSolution
		{B51D8A5F-FEFD-4A2D-A0AF-D1BCBBB020FF}.Debug|Any CPU.ActiveCfg = Debug|Any CPU
		{B51D8A5F-FEFD-4A2D-A0AF-D1BCBBB020FF}.Debug|Any CPU.Build.0 = Debug|Any CPU
		{B51D8A5F-FEFD-4A2D-A0AF-D1BCBBB020FF}.Release|Any CPU.ActiveCfg = Release|Any CPU
		{B51D8A5F-FEFD-4A2D-A0AF-D1BCBBB020FF}.Release|Any CPU.Build.0 = Release|Any CPU
	EndGlobalSection
EndGlobal
